
Microsoft Visual Studio Solution File, Format Version 11.00
# Visual Basic Express 2010
Project("{F184B08F-C81C-45F6-A57F-5ABD9991F28F}") = "Focuser", "Focuser\Focuser.vbproj", "{4CE8599E-A6C2-4554-88C5-7F67C609200B}"
EndProject
Project("{F184B08F-C81C-45F6-A57F-5ABD9991F28F}") = "TestDriver", "TestDriver\TestDriver.vbproj", "{296300A0-912D-4E58-87CA-CDC1A18147BD}"
EndProject
Global
	GlobalSection(SolutionConfigurationPlatforms) = preSolution
		Debug|Any CPU = Debug|Any CPU
		Debug|Mixed Platforms = Debug|Mixed Platforms
		Debug|x86 = Debug|x86
		Release|Any CPU = Release|Any CPU
		Release|Mixed Platforms = Release|Mixed Platforms
		Release|x86 = Release|x86
	EndGlobalSection
	GlobalSection(ProjectConfigurationPlatforms) = postSolution
		{4CE8599E-A6C2-4554-88C5-7F67C609200B}.Debug|Any CPU.ActiveCfg = Debug|Any CPU
		{4CE8599E-A6C2-4554-88C5-7F67C609200B}.Debug|Any CPU.Build.0 = Debug|Any CPU
		{4CE8599E-A6C2-4554-88C5-7F67C609200B}.Debug|Mixed Platforms.ActiveCfg = Debug|Any CPU
		{4CE8599E-A6C2-4554-88C5-7F67C609200B}.Debug|Mixed Platforms.Build.0 = Debug|Any CPU
		{4CE8599E-A6C2-4554-88C5-7F67C609200B}.Debug|x86.ActiveCfg = Debug|Any CPU
		{4CE8599E-A6C2-4554-88C5-7F67C609200B}.Release|Any CPU.ActiveCfg = Release|Any CPU
		{4CE8599E-A6C2-4554-88C5-7F67C609200B}.Release|Any CPU.Build.0 = Release|Any CPU
		{4CE8599E-A6C2-4554-88C5-7F67C609200B}.Release|Mixed Platforms.ActiveCfg = Release|Any CPU
		{4CE8599E-A6C2-4554-88C5-7F67C609200B}.Release|Mixed Platforms.Build.0 = Release|Any CPU
		{4CE8599E-A6C2-4554-88C5-7F67C609200B}.Release|x86.ActiveCfg = Release|Any CPU
		{296300A0-912D-4E58-87CA-CDC1A18147BD}.Debug|Any CPU.ActiveCfg = Debug|x86
		{296300A0-912D-4E58-87CA-CDC1A18147BD}.Debug|Mixed Platforms.ActiveCfg = Debug|x86
		{296300A0-912D-4E58-87CA-CDC1A18147BD}.Debug|Mixed Platforms.Build.0 = Debug|x86
		{296300A0-912D-4E58-87CA-CDC1A18147BD}.Debug|x86.ActiveCfg = Debug|x86
		{296300A0-912D-4E58-87CA-CDC1A18147BD}.Debug|x86.Build.0 = Debug|x86
		{296300A0-912D-4E58-87CA-CDC1A18147BD}.Release|Any CPU.ActiveCfg = Release|x86
		{296300A0-912D-4E58-87CA-CDC1A18147BD}.Release|Mixed Platforms.ActiveCfg = Release|x86
		{296300A0-912D-4E58-87CA-CDC1A18147BD}.Release|Mixed Platforms.Build.0 = Release|x86
		{296300A0-912D-4E58-87CA-CDC1A18147BD}.Release|x86.ActiveCfg = Release|x86
		{296300A0-912D-4E58-87CA-CDC1A18147BD}.Release|x86.Build.0 = Release|x86
	EndGlobalSection
	GlobalSection(SolutionProperties) = preSolution
		HideSolutionNode = FALSE
	EndGlobalSection
EndGlobal
